PODS:
  - Charts (3.6.0):
    - Charts/Core (= 3.6.0)
  - Charts/Core (3.6.0)
  - Realm (10.5.1):
    - Realm/Headers (= 10.5.1)
  - Realm/Headers (10.5.1)
  - RealmSwift (10.5.1):
    - Realm (= 10.5.1)
  - SVProgressHUD (2.2.5)
  - SwiftyUserDefaults (5.0.0)

DEPENDENCIES:
  - Charts
  - RealmSwift
  - SVProgressHUD
  - SwiftyUserDefaults

SPEC REPOS:
  trunk:
    - Charts
    - Realm
    - RealmSwift
    - SVProgressHUD
    - SwiftyUserDefaults

SPEC CHECKSUMS:
  Charts: b1e3a1f5a1c9ba5394438ca3b91bd8c9076310af
  Realm: 77fcb4e0b9f2963ea06f584749a0d7dc9cab95e1
  RealmSwift: 6abe6aa6cd8b70cc1a87afcb9232cabea74ff1ac
  SVProgressHUD: 1428aafac632c1f86f62aa4243ec12008d7a51d6
  SwiftyUserDefaults: 33fcb42bd1feb53a37d873feb62c82967db5f7f6

PODFILE CHECKSUM: 664dcdc194913200e80b2ec32b3640dfc90c7a04

COCOAPODS: 1.10.1
