PODS:
  - Charts (3.6.0):
    - Charts/Core (= 3.6.0)
  - Charts/Core (3.6.0)
  - Realm (10.5.1):
    - Realm/Headers (= 10.5.1)
  - Realm/Headers (10.5.1)
  - RealmSwift (10.5.1):
    - Realm (= 10.5.1)
  - SVProgressHUD (2.2.5)

DEPENDENCIES:
  - Charts
  - RealmSwift
  - SVProgressHUD

SPEC REPOS:
  trunk:
    - Charts
    - Realm
    - RealmSwift
    - SVProgressHUD

SPEC CHECKSUMS:
  Charts: b1e3a1f5a1c9ba5394438ca3b91bd8c9076310af
  Realm: 77fcb4e0b9f2963ea06f584749a0d7dc9cab95e1
  RealmSwift: 6abe6aa6cd8b70cc1a87afcb9232cabea74ff1ac
  SVProgressHUD: 1428aafac632c1f86f62aa4243ec12008d7a51d6

PODFILE CHECKSUM: 8417fb5a5d69cdcbc2de78a3e94138b319be1d67

COCOAPODS: 1.10.1
